{
  "name": "blink",
  "version": "1.0.0",
  "lockfileVersion": 1,
  "requires": true,
  "dependencies": {
    "bindings": {
      "version": "1.2.1",
      "resolved": "https://registry.npmjs.org/bindings/-/bindings-1.2.1.tgz",
      "integrity": "sha1-FK1hE4EtLTfXLme0ystLtyZQXxE="
    },
    "epoll": {
      "version": "0.1.22",
      "resolved": "https://registry.npmjs.org/epoll/-/epoll-0.1.22.tgz",
      "integrity": "sha1-GrmmN8/xGiCXDIiLHKIXi2TPUpE=",
      "requires": {
        "bindings": "1.2.1",
        "nan": "2.6.2"
      }
    },
    "lupus": {
      "version": "0.0.1",
      "resolved": "https://registry.npmjs.org/lupus/-/lupus-0.0.1.tgz",
      "integrity": "sha1-PShJNX9f7BXXwyBnnK6Awrv3nzM="
    },
    "nan": {
      "version": "2.6.2",
      "resolved": "https://registry.npmjs.org/nan/-/nan-2.6.2.tgz",
      "integrity": "sha1-5P805slf37WuzAjeZZb0NgWn20U="
    },
    "onoff": {
      "version": "1.1.4",
      "resolved": "https://registry.npmjs.org/onoff/-/onoff-1.1.4.tgz",
      "integrity": "sha1-9hWwsD3VAxIuYw4sy5CgHWaH54o=",
      "requires": {
        "epoll": "0.1.22"
      }
    },
    "pigpio": {
      "version": "0.6.1",
      "resolved": "https://registry.npmjs.org/pigpio/-/pigpio-0.6.1.tgz",
      "integrity": "sha1-VnxlLg/2CR804HCqNQiuqi5lNwg=",
      "requires": {
        "bindings": "1.2.1",
        "nan": "2.6.2"
      }
    }
  }
}
